
Microsoft Visual Studio Solution File, Format Version 12.00
# Visual Studio Version 16
VisualStudioVersion = 16.0.29609.76
MinimumVisualStudioVersion = 10.0.40219.1
Project("{9A19103F-16F7-4668-BE54-9A1E7A4F7556}") = "AngularApp", "AngularApp\AngularApp.csproj", "{C3994484-9D9C-48E3-9B11-2CB7362FABF2}"
EndProject
Project("{2150E333-8FDC-42A3-9474-1A3956D46DE8}") = "Notes", "Notes", "{D6F9B252-69D4-442D-936E-9FA9E5D896DF}"
	ProjectSection(SolutionItems) = preProject
		Angular 2020 개발 환경 구축 및 시작하기.txt = Angular 2020 개발 환경 구축 및 시작하기.txt
	EndProjectSection
EndProject
Global
	GlobalSection(SolutionConfigurationPlatforms) = preSolution
		Debug|Any CPU = Debug|Any CPU
		Release|Any CPU = Release|Any CPU
	EndGlobalSection
	GlobalSection(ProjectConfigurationPlatforms) = postSolution
		{C3994484-9D9C-48E3-9B11-2CB7362FABF2}.Debug|Any CPU.ActiveCfg = Debug|Any CPU
		{C3994484-9D9C-48E3-9B11-2CB7362FABF2}.Debug|Any CPU.Build.0 = Debug|Any CPU
		{C3994484-9D9C-48E3-9B11-2CB7362FABF2}.Release|Any CPU.ActiveCfg = Release|Any CPU
		{C3994484-9D9C-48E3-9B11-2CB7362FABF2}.Release|Any CPU.Build.0 = Release|Any CPU
	EndGlobalSection
	GlobalSection(SolutionProperties) = preSolution
		HideSolutionNode = FALSE
	EndGlobalSection
	GlobalSection(ExtensibilityGlobals) = postSolution
		SolutionGuid = {7F0FBF08-D17A-489E-A7AB-11A6A3BFBA10}
	EndGlobalSection
EndGlobal
